
Microsoft Visual Studio Solution File, Format Version 12.00
# Visual Studio Version 17
VisualStudioVersion = 17.5.33516.290
MinimumVisualStudioVersion = 10.0.40219.1
Project("{FAE04EC0-301F-11D3-BF4B-00C04F79EFBC}") = "RabbitMQTest.Client", "RabbitMQTest.Client\RabbitMQTest.Client.csproj", "{16098CDE-CC82-4001-A055-4C6D00AE3A6D}"
EndProject
Project("{FAE04EC0-301F-11D3-BF4B-00C04F79EFBC}") = "RabbitMQTest.Server", "RabbitMQTest.Server\RabbitMQTest.Server.csproj", "{6B604041-D1BC-4187-ABD4-6321A2BFD8E7}"
EndProject
Global
	GlobalSection(SolutionConfigurationPlatforms) = preSolution
		Debug|Any CPU = Debug|Any CPU
		Release|Any CPU = Release|Any CPU
	EndGlobalSection
	GlobalSection(ProjectConfigurationPlatforms) = postSolution
		{16098CDE-CC82-4001-A055-4C6D00AE3A6D}.Debug|Any CPU.ActiveCfg = Debug|Any CPU
		{16098CDE-CC82-4001-A055-4C6D00AE3A6D}.Debug|Any CPU.Build.0 = Debug|Any CPU
		{16098CDE-CC82-4001-A055-4C6D00AE3A6D}.Release|Any CPU.ActiveCfg = Release|Any CPU
		{16098CDE-CC82-4001-A055-4C6D00AE3A6D}.Release|Any CPU.Build.0 = Release|Any CPU
		{6B604041-D1BC-4187-ABD4-6321A2BFD8E7}.Debug|Any CPU.ActiveCfg = Debug|Any CPU
		{6B604041-D1BC-4187-ABD4-6321A2BFD8E7}.Debug|Any CPU.Build.0 = Debug|Any CPU
		{6B604041-D1BC-4187-ABD4-6321A2BFD8E7}.Release|Any CPU.ActiveCfg = Release|Any CPU
		{6B604041-D1BC-4187-ABD4-6321A2BFD8E7}.Release|Any CPU.Build.0 = Release|Any CPU
	EndGlobalSection
	GlobalSection(SolutionProperties) = preSolution
		HideSolutionNode = FALSE
	EndGlobalSection
	GlobalSection(ExtensibilityGlobals) = postSolution
		SolutionGuid = {C1D2811D-B982-4BC4-805E-AA3652DFBD47}
	EndGlobalSection
EndGlobal
